<Solution>
  <Folder Name="/Basic/">
    <Project Path="MAF.SimpleAgent.BackgroundResponses/MAF.SimpleAgent.BackgroundResponses.csproj" />
    <Project Path="MAF.SimpleAgent.StructuredApproach/MAF.SimpleAgent.StructuredApproach.csproj" />
    <Project Path="MAF.SimpleAgent/MAF.SimpleAgent.csproj" />
  </Folder>
  <Folder Name="/DEVUI/">
    <Project Path="MAF.DevUI/MAF.DevUI.csproj" />
  </Folder>
  <Folder Name="/Memory/">
    <Project Path="MAF.Memory.Compaction/MAF.Memory.Compaction.csproj" />
    <Project Path="MAF.Memory.CustomChatProvider/MAF.Memory.CustomChatProvider.csproj" />
    <Project Path="MAF.Memory.SessionContext/MAF.Memory.SessionContext.csproj" />
  </Folder>
  <Folder Name="/Middleware/">
    <Project Path="MAF.Middleware/MAF.Middleware.csproj" />
  </Folder>
  <Folder Name="/RAG/">
    <Project Path="MAF.Rag.TextSearchProvider/MAF.Rag.TextSearchProvider.csproj" />
  </Folder>
  <Folder Name="/Skills/">
    <Project Path="MAF.Skills.FileBased/MAF.Skills.FileBased.csproj" />
    <Project Path="MAF.Skills.InlineSkill/MAF.Skills.InlineSkill.csproj" />
  </Folder>
  <Folder Name="/Tools/">
    <Project Path="MAF.Tools.AgentAsTool/MAF.Tools.AgentAsTool.csproj" />
    <Project Path="MAF.Tools.Function/MAF.Tools.Function.csproj" />
    <Project Path="MAF.Tools.MCP/MAF.Tools.MCP.csproj" />
    <Project Path="MAF.Tools.MCPServer/MAF.Tools.MCPServer.csproj" />
    <Project Path="MAF.Tools.WebSearch/MAF.Tools.WebSearch.csproj" />
  </Folder>
  <Project Path="../../tests/MAF.Tests/MAF.Tests.csproj" />
</Solution>
